{
  "version": 4,
  "terraform_version": "1.0.2",
  "serial": 74,
  "lineage": "ac0f7954-d014-0dfd-a0aa-abd3df1efd76",
  "outputs": {},
  "resources": [
    {
      "mode": "managed",
      "type": "aws_ebs_volume",
      "name": "example",
      "provider": "provider[\"registry.terraform.io/hashicorp/aws\"]",
      "instances": [
        {
          "schema_version": 0,
          "attributes": {
            "arn": "arn:aws:ec2:eu-central-1:541691250767:volume/vol-0e4cdc17ca6767b5f",
            "availability_zone": "eu-central-1c",
            "encrypted": true,
            "id": "vol-0e4cdc17ca6767b5f",
            "iops": 100,
            "kms_key_id": "arn:aws:kms:eu-central-1:541691250767:key/4cef83bd-8962-451c-a2d5-49edd0904ef1",
            "multi_attach_enabled": false,
            "outpost_arn": "",
            "size": 20,
            "snapshot_id": "",
            "tags": null,
            "tags_all": {},
            "throughput": 0,
            "type": "gp2"
          },
          "sensitive_attributes": [],
          "private": "bnVsbA==",
          "dependencies": [
            "aws_subnet.public_subnet",
            "aws_vpc.vpc"
          ]
        }
      ]
    },
    {
      "mode": "managed",
      "type": "aws_instance",
      "name": "workers",
      "provider": "provider[\"registry.terraform.io/hashicorp/aws\"]",
      "instances": []
    },
    {
      "mode": "managed",
      "type": "aws_internet_gateway",
      "name": "internet_gateway",
      "provider": "provider[\"registry.terraform.io/hashicorp/aws\"]",
      "instances": [
        {
          "schema_version": 0,
          "attributes": {
            "arn": "arn:aws:ec2:eu-central-1:541691250767:internet-gateway/igw-09a4425f19ffe7333",
            "id": "igw-09a4425f19ffe7333",
            "owner_id": "541691250767",
            "tags": {
              "Name": "internet-gateway"
            },
            "tags_all": {
              "Name": "internet-gateway"
            },
            "vpc_id": "vpc-09feb3c37141b246b"
          },
          "sensitive_attributes": [],
          "private": "bnVsbA==",
          "dependencies": [
            "aws_vpc.vpc"
          ]
        }
      ]
    },
    {
      "mode": "managed",
      "type": "aws_key_pair",
      "name": "key_pair",
      "provider": "provider[\"registry.terraform.io/hashicorp/aws\"]",
      "instances": [
        {
          "schema_version": 1,
          "attributes": {
            "arn": "arn:aws:ec2:eu-central-1:541691250767:key-pair/k8s_ssh_key",
            "fingerprint": "b6:cb:4f:34:cb:51:0e:97:7e:b1:ee:a6:bc:94:85:c6",
            "id": "k8s_ssh_key",
            "key_name": "k8s_ssh_key",
            "key_name_prefix": null,
            "key_pair_id": "key-0cf8a98dc31f56912",
            "public_key": "ssh-rsa AAAAB3NzaC1yc2EAAAADAQABAAACAQDDd+2zhrZbZVqAvifMsXz/09lejh4bjCJWglXoSHgO73dCW+JLAo//JgszElcW5IbEo+xZS9wd8b6EkD/UKDJpjW7k2LGE6os8EzZmfwiKH4OwPYYm3AEkYVf8AV8Dv1VtFt4LhZCldrbpZgTuf1JzaxgcesLPiKoI8FqI+lHJFB4Sg/X7rgO1LFmYyR5uopslH8y54GsE/TlCjVUaT+Q2EvYBvN+dXO9yyBRQRLRTI2HDHXhs0yThMvBMEmLJuaRoovjWCgYAZaVhI/8JrKGOXJfSjzDnc3GfMWrtH0X7WYk/KszdkCNnb8d2QyLClnGC5JROje/wswsShl0DKPQZwrCZtlxxuKhF0O0rU1S4NmRxO1DkoNy04zlIYTqfG37r2uyY9hgfF4cvKnTWo0e+5ft3pf5kl6OE4wltOGi0f50eEXidpEGZL9Ex+bygmWtM4SPBrZ6azE2UiKAutGawoN2p4NBbFpoF/5JrieJ254Jd6f9HlCVI7GwmouHhA3t4+zeciB/NfFPn1siRtjkBVka5lvLZBwn9HSkbWGh7+c/9gJR6PMjR7ey9cz/51MloMXaE502P8mC7g7O/+QB8SeMoyTq2Cf1Xvom3lf//dQZmxrh6HPDp2ks47smAi7twO6q7B6b6hPSJayAaPoaF9IiEQCXH0OTs+ZuGtWozKw==",
            "tags": null,
            "tags_all": {}
          },
          "sensitive_attributes": [],
          "private": "eyJzY2hlbWFfdmVyc2lvbiI6IjEifQ==",
          "dependencies": [
            "tls_private_key.private_key"
          ]
        }
      ]
    },
    {
      "mode": "managed",
      "type": "aws_route_table",
      "name": "IG_route_table",
      "provider": "provider[\"registry.terraform.io/hashicorp/aws\"]",
      "instances": [
        {
          "schema_version": 0,
          "attributes": {
            "arn": "arn:aws:ec2:eu-central-1:541691250767:route-table/rtb-07f95098852e8a4ab",
            "id": "rtb-07f95098852e8a4ab",
            "owner_id": "541691250767",
            "propagating_vgws": [],
            "route": [
              {
                "carrier_gateway_id": "",
                "cidr_block": "0.0.0.0/0",
                "destination_prefix_list_id": "",
                "egress_only_gateway_id": "",
                "gateway_id": "igw-09a4425f19ffe7333",
                "instance_id": "",
                "ipv6_cidr_block": "",
                "local_gateway_id": "",
                "nat_gateway_id": "",
                "network_interface_id": "",
                "transit_gateway_id": "",
                "vpc_endpoint_id": "",
                "vpc_peering_connection_id": ""
              }
            ],
            "tags": {
              "Name": "IG-route-table"
            },
            "tags_all": {
              "Name": "IG-route-table"
            },
            "vpc_id": "vpc-09feb3c37141b246b"
          },
          "sensitive_attributes": [],
          "private": "bnVsbA==",
          "dependencies": [
            "aws_internet_gateway.internet_gateway",
            "aws_vpc.vpc"
          ]
        }
      ]
    },
    {
      "mode": "managed",
      "type": "aws_route_table_association",
      "name": "associate_routetable_to_public_subnet",
      "provider": "provider[\"registry.terraform.io/hashicorp/aws\"]",
      "instances": [
        {
          "schema_version": 0,
          "attributes": {
            "gateway_id": "",
            "id": "rtbassoc-0d90fb84549bbb254",
            "route_table_id": "rtb-07f95098852e8a4ab",
            "subnet_id": "subnet-0df1268edeca38efb"
          },
          "sensitive_attributes": [],
          "private": "bnVsbA==",
          "dependencies": [
            "aws_internet_gateway.internet_gateway",
            "aws_route_table.IG_route_table",
            "aws_subnet.public_subnet",
            "aws_vpc.vpc"
          ]
        }
      ]
    },
    {
      "mode": "managed",
      "type": "aws_security_group",
      "name": "sg_k8s",
      "provider": "provider[\"registry.terraform.io/hashicorp/aws\"]",
      "instances": [
        {
          "schema_version": 1,
          "attributes": {
            "arn": "arn:aws:ec2:eu-central-1:541691250767:security-group/sg-0d6ac8298b8b7cbf8",
            "description": "Allow traffic between nodes and pods",
            "egress": [
              {
                "cidr_blocks": [
                  "0.0.0.0/0"
                ],
                "description": "",
                "from_port": 0,
                "ipv6_cidr_blocks": [],
                "prefix_list_ids": [],
                "protocol": "-1",
                "security_groups": [],
                "self": false,
                "to_port": 0
              }
            ],
            "id": "sg-0d6ac8298b8b7cbf8",
            "ingress": [
              {
                "cidr_blocks": [
                  "0.0.0.0/0"
                ],
                "description": "allow SSH",
                "from_port": 22,
                "ipv6_cidr_blocks": [],
                "prefix_list_ids": [],
                "protocol": "tcp",
                "security_groups": [],
                "self": false,
                "to_port": 22
              },
              {
                "cidr_blocks": [
                  "0.0.0.0/0"
                ],
                "description": "allow TCP",
                "from_port": 8080,
                "ipv6_cidr_blocks": [],
                "prefix_list_ids": [],
                "protocol": "tcp",
                "security_groups": [],
                "self": false,
                "to_port": 8080
              },
              {
                "cidr_blocks": [
                  "10.10.0.0/24"
                ],
                "description": "allow all from nodes",
                "from_port": 0,
                "ipv6_cidr_blocks": [],
                "prefix_list_ids": [],
                "protocol": "-1",
                "security_groups": [],
                "self": false,
                "to_port": 0
              },
              {
                "cidr_blocks": [
                  "10.244.0.0/16"
                ],
                "description": "allow all from pods",
                "from_port": 0,
                "ipv6_cidr_blocks": [],
                "prefix_list_ids": [],
                "protocol": "-1",
                "security_groups": [],
                "self": false,
                "to_port": 0
              }
            ],
            "name": "sg_k8s",
            "name_prefix": "",
            "owner_id": "541691250767",
            "revoke_rules_on_delete": false,
            "tags": null,
            "tags_all": {},
            "timeouts": null,
            "vpc_id": "vpc-09feb3c37141b246b"
          },
          "sensitive_attributes": [],
          "private": "eyJlMmJmYjczMC1lY2FhLTExZTYtOGY4OC0zNDM2M2JjN2M0YzAiOnsiY3JlYXRlIjo2MDAwMDAwMDAwMDAsImRlbGV0ZSI6OTAwMDAwMDAwMDAwfSwic2NoZW1hX3ZlcnNpb24iOiIxIn0=",
          "dependencies": [
            "aws_vpc.vpc"
          ]
        }
      ]
    },
    {
      "mode": "managed",
      "type": "aws_subnet",
      "name": "public_subnet",
      "provider": "provider[\"registry.terraform.io/hashicorp/aws\"]",
      "instances": [
        {
          "schema_version": 1,
          "attributes": {
            "arn": "arn:aws:ec2:eu-central-1:541691250767:subnet/subnet-0df1268edeca38efb",
            "assign_ipv6_address_on_creation": false,
            "availability_zone": "eu-central-1c",
            "availability_zone_id": "euc1-az1",
            "cidr_block": "10.10.0.0/24",
            "customer_owned_ipv4_pool": "",
            "id": "subnet-0df1268edeca38efb",
            "ipv6_cidr_block": "",
            "ipv6_cidr_block_association_id": "",
            "map_customer_owned_ip_on_launch": false,
            "map_public_ip_on_launch": true,
            "outpost_arn": "",
            "owner_id": "541691250767",
            "tags": {
              "Accounting": "Hillel",
              "Environment": "development",
              "Lesson": "Lesson17",
              "Owner": "maslovss@gmail.com",
              "Purpose": "Study",
              "Terraform": "yes"
            },
            "tags_all": {
              "Accounting": "Hillel",
              "Environment": "development",
              "Lesson": "Lesson17",
              "Owner": "maslovss@gmail.com",
              "Purpose": "Study",
              "Terraform": "yes"
            },
            "timeouts": null,
            "vpc_id": "vpc-09feb3c37141b246b"
          },
          "sensitive_attributes": [],
          "private": "eyJlMmJmYjczMC1lY2FhLTExZTYtOGY4OC0zNDM2M2JjN2M0YzAiOnsiY3JlYXRlIjo2MDAwMDAwMDAwMDAsImRlbGV0ZSI6MTIwMDAwMDAwMDAwMH0sInNjaGVtYV92ZXJzaW9uIjoiMSJ9",
          "dependencies": [
            "aws_vpc.vpc"
          ]
        }
      ]
    },
    {
      "mode": "managed",
      "type": "aws_volume_attachment",
      "name": "ebs_att",
      "provider": "provider[\"registry.terraform.io/hashicorp/aws\"]",
      "instances": []
    },
    {
      "mode": "managed",
      "type": "aws_vpc",
      "name": "vpc",
      "provider": "provider[\"registry.terraform.io/hashicorp/aws\"]",
      "instances": [
        {
          "schema_version": 1,
          "attributes": {
            "arn": "arn:aws:ec2:eu-central-1:541691250767:vpc/vpc-09feb3c37141b246b",
            "assign_generated_ipv6_cidr_block": false,
            "cidr_block": "10.10.0.0/24",
            "default_network_acl_id": "acl-0d4e0bdd822c6240c",
            "default_route_table_id": "rtb-021e49174be728773",
            "default_security_group_id": "sg-058ccca806f089212",
            "dhcp_options_id": "dopt-6db12e07",
            "enable_classiclink": null,
            "enable_classiclink_dns_support": null,
            "enable_dns_hostnames": true,
            "enable_dns_support": true,
            "id": "vpc-09feb3c37141b246b",
            "instance_tenancy": "default",
            "ipv6_association_id": "",
            "ipv6_cidr_block": "",
            "main_route_table_id": "rtb-021e49174be728773",
            "owner_id": "541691250767",
            "tags": {
              "Accounting": "Hillel",
              "Environment": "development",
              "Lesson": "Lesson17",
              "Owner": "maslovss@gmail.com",
              "Purpose": "Study",
              "Terraform": "yes"
            },
            "tags_all": {
              "Accounting": "Hillel",
              "Environment": "development",
              "Lesson": "Lesson17",
              "Owner": "maslovss@gmail.com",
              "Purpose": "Study",
              "Terraform": "yes"
            }
          },
          "sensitive_attributes": [],
          "private": "eyJzY2hlbWFfdmVyc2lvbiI6IjEifQ=="
        }
      ]
    },
    {
      "mode": "managed",
      "type": "local_file",
      "name": "saveKey",
      "provider": "provider[\"registry.terraform.io/hashicorp/local\"]",
      "instances": [
        {
          "schema_version": 0,
          "attributes": {
            "content": "-----BEGIN RSA PRIVATE KEY-----\nMIIJKAIBAAKCAgEAw3fts4a2W2VagL4nzLF8/9PZXo4eG4wiVoJV6Eh4Du93Qlvi\nSwKP/yYLMxJXFuSGxKPsWUvcHfG+hJA/1CgyaY1u5NixhOqLPBM2Zn8Iih+DsD2G\nJtwBJGFX/AFfA79VbRbeC4WQpXa26WYE7n9Sc2sYHHrCz4iqCPBaiPpRyRQeEoP1\n+64DtSxZmMkebqKbJR/MueBrBP05Qo1VGk/kNhL2AbzfnVzvcsgUUES0UyNhwx14\nbNMk4TLwTBJiybmkaKL41goGAGWlYSP/CayhjlyX0o8w53NxnzFq7R9F+1mJPyrM\n3ZAjZ2/HdkMiwpZxguSUTo3v8LMLEoZdAyj0GcKwmbZccbioRdDtK1NUuDZkcTtQ\n5KDctOM5SGE6nxt+69rsmPYYHxeHLyp01qNHvuX7d6X+ZJejhOMJbThotH+dHhF4\nnaRBmS/RMfm8oJlrTOEjwa2emsxNlIigLrRmsKDdqeDQWxaaBf+Sa4nidueCXen/\nR5QlSOxsJqLh4QN7ePs3nIgfzXxT59bIkbY5AVZGuZby2QcJ/R0pG1hoe/nP/YCU\nejzI0e3svXM/+dTJaDF2hOdNj/Jgu4Ozv/kAfEnjKMk6tgn9V76Jt5X//3UGZsa4\nehzw6dpLOO7JgIu7cDuquwem+oT0iWsgGj6GhfSIhEAlx9Dk7PmbhrVqMysCAwEA\nAQKCAgAOmkcHwmidK1U3iP0wLZJJCmqSxcs6A54NGG+SitdtRjaCnpqpP+fCB/WO\nOzCGZUwsJJLjmOc41XaGMMCT+OzLNeWy8v1QELWWJ1lJDvR0XSZZZD9BZ+4t6ZfJ\nG9EdVo3rOGoeMjw8IEJJ7XUw3BIszTNf7UvgdTU+tbYNxaWWgAo/F9yokLd2MXoA\nEAZV/Y/ZliaVPE7CcKh2cFiLPqyt3XzDZHjQKME6sffSh09xZpNHIEx+1MdMi6Go\nDTeUGmpN5t7wHo+UOAPC3g2Pi3YGTKSK9meQ4u76FZcHX+66eFXogioL41jBwXgF\nPb67CsIwJSNvOutR8A5DtAX+1nBl2qhUbSfcQxFRk12VbxY6QrpaWpqD1lSC5nYt\noV43m0tZdPisqXYa0gann7dySdgyB3uRYRc1mZo0cH3HJyC41wO063wWis2Xivpw\nC0An1N9icFtYcIt/e3x/h67DGvQNTY70981qnvS3YkdpYK2QHXB43rwndJ/I2/sM\nwvwy88q23FkHHSjzVS3VNtkjahRpFHUCTcjW/EW1MjG/p6k14mSo/8OdPVSl4BnS\nvZjecIqsrRrF4ldbSjbReAvSGkbUbIOSL+ATEHXd2QoBmDlbWd+K3dHODkGpznbc\nonTTQwCQB9181qZl1glGCfC4VuzTnzYoZZvVwledU2w6SaazAQKCAQEA+OuVDtDR\nxhsoSf+cr8XWnd0Zn49WzsQxdGAgO42P03YaJJA9P+2AW6SDKIm7XqOILIn+torI\nVFHgEOHnM2KRmTOQU8i8RqDBnx7dTjKThOKJsxD6KlNhb6FoLDDuKHhVLyNzAzTp\n4715JnS8QAlbKOChAVPVqyNnEXKILUrsYnQf9vnX8yyYvCKRC7R3K1RP0U+J+Ar9\nKv6IRe9FFYJhR+DW3yiIPKL9TcwPoZ7MbejbDPeufeltklNTnAuDi9p4oKGWttU/\nc8SBFkg6tOm5foffNU5EFd/kqnhCj8fp2Bj2Ke/JACPJjofsFjgpI9cbeho87Uv0\ngvL37a+HqCdvfwKCAQEAyQcoV20DxKonUkQahoEBwUfpwSYHFWyHCtFp2BbWu1Sz\nk/Lcb79PqxOG3SgS1aly+fy4sRgSLmoB9gMmY/wZSvwr5qC3LOOlwfPYjj9usxx1\nY7tQGADD32R8dMkKfwIBAdGBzmx3PpvM5pCGtWggMGD9Xl4naXcjVOoaYQruxfYP\nBsHFGEsF/7am3Lu5VBroRXvaJC3iSPnPnflSbEPulcZl+x12IlmIPxkAQSCMSEhv\ndGtwf0l8pWFKruj11UGwqay5NkB/wu54LbOL0krK0EcQ6JhwliPXKsT/FiVDeAk4\nX6n3q1EtzXo0lqTk/fh8QQfQv2NFLXR7/7W8pyTSVQKCAQAD3NwGS9VFhrxcUZwj\n2iUXdAvmvvmw4biGvsshQXQe6vFC6f4ZVN0uDuJ+KYz/zffaARYzzPmI3XBlsqu8\nz2XFA9jUhAPv8KSwjHEQupYxdLaAUd4f9AVKDy4nqWa4uA1SWvF49kQ+5XzQzPTy\n5XJFsx6sf5mMO1NpIObeFRCQAo9QbNYeDu4b1Ul87gL/aCKI8/wHHlyJY0PIGgtv\nZwONcv7CncVnc3wMzgLcFjPD7N4hWGKbz5iEschVXpRfAjfm/jrxgWOnrz/1kY9f\nqVTYktEy6ZEC6eOJha46vvZxBQok4nSzDNse3BscyShSRw9FGM0jPY+AzLZuONAZ\nGuuPAoIBAAxwM+/M3/nQKWSusBF4c/pYj78SskeCEoz5zhm/uAOZRw81bKxBYxWL\nvMF8VEYCGQoct/TFL4LNrldhdIOlOo9oMPMxKIRPhZcNlm2ewSO19BF6qocBrRzq\nY8T6F3sqTZOmOejizzIBg9kUQjGBQtSbe7HWE4w0AeykG4O7oHCBPAbIAIDzS2i6\nDXME7n+ktpBuDF5GtISdaFo27gGi5mVABFlYRlHzxjlZO6nL8MIcMUE70JcfneXB\nslRGN8e9K8gj1sXjkcQm6yqwvEsDs67VZtdtbzHq/8o2rC3bmmQX9fP9WUSxXisj\nj5NumniYYl/HswPUiZg5Z963iPeykI0CggEBAONh5SVqStWxSUmLL91gGj/Hn/RW\nvZ5ohDLj4PTTwxf8ljavqtN4Aq0CG/6ctlXONd6BF9LsnfHS9mT1o2hWdzLW/+TY\nTYHyvdpd7iZyI81gwBsoyFWkE6wWIqFYwIbImQOCsxdGk9jC1qimsVBB7LSx4Fh5\n9hwccqy/ecUnVpXH3p3yjGq01KFGsvAFKJg7Jp0AtoAya4VOIVezn0+qHub77v9K\nVCrClEbjXTTTOkuDgPSxDbjp1hbExKdUflxExnr3EMZq0PtCWo5622e07yWObkCF\nP4EDeKhZcTnIIW1EVrwi/1VYFWJMivvobR5z7zOGgKRiKntRhnwk1p0h8fw=\n-----END RSA PRIVATE KEY-----\n",
            "content_base64": null,
            "directory_permission": "0777",
            "file_permission": "0600",
            "filename": "k8s_ssh_key.pem",
            "id": "b11b9755a227fda44aed2b291051336f833dba55",
            "sensitive_content": null,
            "source": null
          },
          "sensitive_attributes": [
            [
              {
                "type": "get_attr",
                "value": "content"
              }
            ]
          ],
          "private": "bnVsbA==",
          "dependencies": [
            "tls_private_key.private_key"
          ]
        }
      ]
    },
    {
      "mode": "managed",
      "type": "tls_private_key",
      "name": "private_key",
      "provider": "provider[\"registry.terraform.io/hashicorp/tls\"]",
      "instances": [
        {
          "schema_version": 0,
          "attributes": {
            "algorithm": "RSA",
            "ecdsa_curve": "P224",
            "id": "a4b4c822d80fc9867333aad9971867f19bf4138a",
            "private_key_pem": "-----BEGIN RSA PRIVATE KEY-----\nMIIJKAIBAAKCAgEAw3fts4a2W2VagL4nzLF8/9PZXo4eG4wiVoJV6Eh4Du93Qlvi\nSwKP/yYLMxJXFuSGxKPsWUvcHfG+hJA/1CgyaY1u5NixhOqLPBM2Zn8Iih+DsD2G\nJtwBJGFX/AFfA79VbRbeC4WQpXa26WYE7n9Sc2sYHHrCz4iqCPBaiPpRyRQeEoP1\n+64DtSxZmMkebqKbJR/MueBrBP05Qo1VGk/kNhL2AbzfnVzvcsgUUES0UyNhwx14\nbNMk4TLwTBJiybmkaKL41goGAGWlYSP/CayhjlyX0o8w53NxnzFq7R9F+1mJPyrM\n3ZAjZ2/HdkMiwpZxguSUTo3v8LMLEoZdAyj0GcKwmbZccbioRdDtK1NUuDZkcTtQ\n5KDctOM5SGE6nxt+69rsmPYYHxeHLyp01qNHvuX7d6X+ZJejhOMJbThotH+dHhF4\nnaRBmS/RMfm8oJlrTOEjwa2emsxNlIigLrRmsKDdqeDQWxaaBf+Sa4nidueCXen/\nR5QlSOxsJqLh4QN7ePs3nIgfzXxT59bIkbY5AVZGuZby2QcJ/R0pG1hoe/nP/YCU\nejzI0e3svXM/+dTJaDF2hOdNj/Jgu4Ozv/kAfEnjKMk6tgn9V76Jt5X//3UGZsa4\nehzw6dpLOO7JgIu7cDuquwem+oT0iWsgGj6GhfSIhEAlx9Dk7PmbhrVqMysCAwEA\nAQKCAgAOmkcHwmidK1U3iP0wLZJJCmqSxcs6A54NGG+SitdtRjaCnpqpP+fCB/WO\nOzCGZUwsJJLjmOc41XaGMMCT+OzLNeWy8v1QELWWJ1lJDvR0XSZZZD9BZ+4t6ZfJ\nG9EdVo3rOGoeMjw8IEJJ7XUw3BIszTNf7UvgdTU+tbYNxaWWgAo/F9yokLd2MXoA\nEAZV/Y/ZliaVPE7CcKh2cFiLPqyt3XzDZHjQKME6sffSh09xZpNHIEx+1MdMi6Go\nDTeUGmpN5t7wHo+UOAPC3g2Pi3YGTKSK9meQ4u76FZcHX+66eFXogioL41jBwXgF\nPb67CsIwJSNvOutR8A5DtAX+1nBl2qhUbSfcQxFRk12VbxY6QrpaWpqD1lSC5nYt\noV43m0tZdPisqXYa0gann7dySdgyB3uRYRc1mZo0cH3HJyC41wO063wWis2Xivpw\nC0An1N9icFtYcIt/e3x/h67DGvQNTY70981qnvS3YkdpYK2QHXB43rwndJ/I2/sM\nwvwy88q23FkHHSjzVS3VNtkjahRpFHUCTcjW/EW1MjG/p6k14mSo/8OdPVSl4BnS\nvZjecIqsrRrF4ldbSjbReAvSGkbUbIOSL+ATEHXd2QoBmDlbWd+K3dHODkGpznbc\nonTTQwCQB9181qZl1glGCfC4VuzTnzYoZZvVwledU2w6SaazAQKCAQEA+OuVDtDR\nxhsoSf+cr8XWnd0Zn49WzsQxdGAgO42P03YaJJA9P+2AW6SDKIm7XqOILIn+torI\nVFHgEOHnM2KRmTOQU8i8RqDBnx7dTjKThOKJsxD6KlNhb6FoLDDuKHhVLyNzAzTp\n4715JnS8QAlbKOChAVPVqyNnEXKILUrsYnQf9vnX8yyYvCKRC7R3K1RP0U+J+Ar9\nKv6IRe9FFYJhR+DW3yiIPKL9TcwPoZ7MbejbDPeufeltklNTnAuDi9p4oKGWttU/\nc8SBFkg6tOm5foffNU5EFd/kqnhCj8fp2Bj2Ke/JACPJjofsFjgpI9cbeho87Uv0\ngvL37a+HqCdvfwKCAQEAyQcoV20DxKonUkQahoEBwUfpwSYHFWyHCtFp2BbWu1Sz\nk/Lcb79PqxOG3SgS1aly+fy4sRgSLmoB9gMmY/wZSvwr5qC3LOOlwfPYjj9usxx1\nY7tQGADD32R8dMkKfwIBAdGBzmx3PpvM5pCGtWggMGD9Xl4naXcjVOoaYQruxfYP\nBsHFGEsF/7am3Lu5VBroRXvaJC3iSPnPnflSbEPulcZl+x12IlmIPxkAQSCMSEhv\ndGtwf0l8pWFKruj11UGwqay5NkB/wu54LbOL0krK0EcQ6JhwliPXKsT/FiVDeAk4\nX6n3q1EtzXo0lqTk/fh8QQfQv2NFLXR7/7W8pyTSVQKCAQAD3NwGS9VFhrxcUZwj\n2iUXdAvmvvmw4biGvsshQXQe6vFC6f4ZVN0uDuJ+KYz/zffaARYzzPmI3XBlsqu8\nz2XFA9jUhAPv8KSwjHEQupYxdLaAUd4f9AVKDy4nqWa4uA1SWvF49kQ+5XzQzPTy\n5XJFsx6sf5mMO1NpIObeFRCQAo9QbNYeDu4b1Ul87gL/aCKI8/wHHlyJY0PIGgtv\nZwONcv7CncVnc3wMzgLcFjPD7N4hWGKbz5iEschVXpRfAjfm/jrxgWOnrz/1kY9f\nqVTYktEy6ZEC6eOJha46vvZxBQok4nSzDNse3BscyShSRw9FGM0jPY+AzLZuONAZ\nGuuPAoIBAAxwM+/M3/nQKWSusBF4c/pYj78SskeCEoz5zhm/uAOZRw81bKxBYxWL\nvMF8VEYCGQoct/TFL4LNrldhdIOlOo9oMPMxKIRPhZcNlm2ewSO19BF6qocBrRzq\nY8T6F3sqTZOmOejizzIBg9kUQjGBQtSbe7HWE4w0AeykG4O7oHCBPAbIAIDzS2i6\nDXME7n+ktpBuDF5GtISdaFo27gGi5mVABFlYRlHzxjlZO6nL8MIcMUE70JcfneXB\nslRGN8e9K8gj1sXjkcQm6yqwvEsDs67VZtdtbzHq/8o2rC3bmmQX9fP9WUSxXisj\nj5NumniYYl/HswPUiZg5Z963iPeykI0CggEBAONh5SVqStWxSUmLL91gGj/Hn/RW\nvZ5ohDLj4PTTwxf8ljavqtN4Aq0CG/6ctlXONd6BF9LsnfHS9mT1o2hWdzLW/+TY\nTYHyvdpd7iZyI81gwBsoyFWkE6wWIqFYwIbImQOCsxdGk9jC1qimsVBB7LSx4Fh5\n9hwccqy/ecUnVpXH3p3yjGq01KFGsvAFKJg7Jp0AtoAya4VOIVezn0+qHub77v9K\nVCrClEbjXTTTOkuDgPSxDbjp1hbExKdUflxExnr3EMZq0PtCWo5622e07yWObkCF\nP4EDeKhZcTnIIW1EVrwi/1VYFWJMivvobR5z7zOGgKRiKntRhnwk1p0h8fw=\n-----END RSA PRIVATE KEY-----\n",
            "public_key_fingerprint_md5": "2c:94:53:f0:ec:d4:17:fd:e0:95:f5:56:8d:e6:16:92",
            "public_key_openssh": "ssh-rsa AAAAB3NzaC1yc2EAAAADAQABAAACAQDDd+2zhrZbZVqAvifMsXz/09lejh4bjCJWglXoSHgO73dCW+JLAo//JgszElcW5IbEo+xZS9wd8b6EkD/UKDJpjW7k2LGE6os8EzZmfwiKH4OwPYYm3AEkYVf8AV8Dv1VtFt4LhZCldrbpZgTuf1JzaxgcesLPiKoI8FqI+lHJFB4Sg/X7rgO1LFmYyR5uopslH8y54GsE/TlCjVUaT+Q2EvYBvN+dXO9yyBRQRLRTI2HDHXhs0yThMvBMEmLJuaRoovjWCgYAZaVhI/8JrKGOXJfSjzDnc3GfMWrtH0X7WYk/KszdkCNnb8d2QyLClnGC5JROje/wswsShl0DKPQZwrCZtlxxuKhF0O0rU1S4NmRxO1DkoNy04zlIYTqfG37r2uyY9hgfF4cvKnTWo0e+5ft3pf5kl6OE4wltOGi0f50eEXidpEGZL9Ex+bygmWtM4SPBrZ6azE2UiKAutGawoN2p4NBbFpoF/5JrieJ254Jd6f9HlCVI7GwmouHhA3t4+zeciB/NfFPn1siRtjkBVka5lvLZBwn9HSkbWGh7+c/9gJR6PMjR7ey9cz/51MloMXaE502P8mC7g7O/+QB8SeMoyTq2Cf1Xvom3lf//dQZmxrh6HPDp2ks47smAi7twO6q7B6b6hPSJayAaPoaF9IiEQCXH0OTs+ZuGtWozKw==\n",
            "public_key_pem": "-----BEGIN PUBLIC KEY-----\nMIICIjANBgkqhkiG9w0BAQEFAAOCAg8AMIICCgKCAgEAw3fts4a2W2VagL4nzLF8\n/9PZXo4eG4wiVoJV6Eh4Du93QlviSwKP/yYLMxJXFuSGxKPsWUvcHfG+hJA/1Cgy\naY1u5NixhOqLPBM2Zn8Iih+DsD2GJtwBJGFX/AFfA79VbRbeC4WQpXa26WYE7n9S\nc2sYHHrCz4iqCPBaiPpRyRQeEoP1+64DtSxZmMkebqKbJR/MueBrBP05Qo1VGk/k\nNhL2AbzfnVzvcsgUUES0UyNhwx14bNMk4TLwTBJiybmkaKL41goGAGWlYSP/Cayh\njlyX0o8w53NxnzFq7R9F+1mJPyrM3ZAjZ2/HdkMiwpZxguSUTo3v8LMLEoZdAyj0\nGcKwmbZccbioRdDtK1NUuDZkcTtQ5KDctOM5SGE6nxt+69rsmPYYHxeHLyp01qNH\nvuX7d6X+ZJejhOMJbThotH+dHhF4naRBmS/RMfm8oJlrTOEjwa2emsxNlIigLrRm\nsKDdqeDQWxaaBf+Sa4nidueCXen/R5QlSOxsJqLh4QN7ePs3nIgfzXxT59bIkbY5\nAVZGuZby2QcJ/R0pG1hoe/nP/YCUejzI0e3svXM/+dTJaDF2hOdNj/Jgu4Ozv/kA\nfEnjKMk6tgn9V76Jt5X//3UGZsa4ehzw6dpLOO7JgIu7cDuquwem+oT0iWsgGj6G\nhfSIhEAlx9Dk7PmbhrVqMysCAwEAAQ==\n-----END PUBLIC KEY-----\n",
            "rsa_bits": 4096
          },
          "sensitive_attributes": [],
          "private": "bnVsbA=="
        }
      ]
    }
  ]
}
